// !$*UTF8*$!
{
	archiveVersion = 1;
	classes = {
	};
	objectVersion = 46;
	objects = {

/* Begin PBXBuildFile section */
		3FB1380B1E56D72200989426 /* main.m in Sources */ = {isa = PBXBuildFile; fileRef = 3FB1380A1E56D72200989426 /* main.m */; };
		3FB1380E1E56D72200989426 /* AppDelegate.m in Sources */ = {isa = PBXBuildFile; fileRef = 3FB1380D1E56D72200989426 /* AppDelegate.m */; };
		3FB138111E56D72200989426 /* ViewController.m in Sources */ = {isa = PBXBuildFile; fileRef = 3FB138101E56D72200989426 /* ViewController.m */; };
		3FB138141E56D72200989426 /* Main.storyboard in Resources */ = {isa = PBXBuildFile; fileRef = 3FB138121E56D72200989426 /* Main.storyboard */; };
		3FB138161E56D72200989426 /* Assets.xcassets in Resources */ = {isa = PBXBuildFile; fileRef = 3FB138151E56D72200989426 /* Assets.xcassets */; };
		3FB138191E56D72200989426 /* LaunchScreen.storyboard in Resources */ = {isa = PBXBuildFile; fileRef = 3FB138171E56D72200989426 /* LaunchScreen.storyboard */; };
		3FB138221E56D8BE00989426 /* PanViewController.m in Sources */ = {isa = PBXBuildFile; fileRef = 3FB138211E56D8BE00989426 /* PanViewController.m */; };
		3FB1384B1E57A33500989426 /* TapViewController.m in Sources */ = {isa = PBXBuildFile; fileRef = 3FB1384A1E57A33500989426 /* TapViewController.m */; };
		3FB1384E1E57A5A200989426 /* PinchViewController.m in Sources */ = {isa = PBXBuildFile; fileRef = 3FB1384D1E57A5A200989426 /* PinchViewController.m */; };
		3FB138511E57AE0800989426 /* SwipeViewController.m in Sources */ = {isa = PBXBuildFile; fileRef = 3FB138501E57AE0800989426 /* SwipeViewController.m */; };
/* End PBXBuildFile section */

/* Begin PBXFileReference section */
		3FB138061E56D72200989426 /* iOS Gestures.app */ = {isa = PBXFileReference; explicitFileType = wrapper.application; includeInIndex = 0; path = "iOS Gestures.app"; sourceTree = BUILT_PRODUCTS_DIR; };
		3FB1380A1E56D72200989426 /* main.m */ = {isa = PBXFileReference; lastKnownFileType = sourcecode.c.objc; path = main.m; sourceTree = "<group>"; };
		3FB1380C1E56D72200989426 /* AppDelegate.h */ = {isa = PBXFileReference; lastKnownFileType = sourcecode.c.h; path = AppDelegate.h; sourceTree = "<group>"; };
		3FB1380D1E56D72200989426 /* AppDelegate.m */ = {isa = PBXFileReference; lastKnownFileType = sourcecode.c.objc; path = AppDelegate.m; sourceTree = "<group>"; };
		3FB1380F1E56D72200989426 /* ViewController.h */ = {isa = PBXFileReference; lastKnownFileType = sourcecode.c.h; path = ViewController.h; sourceTree = "<group>"; };
		3FB138101E56D72200989426 /* ViewController.m */ = {isa = PBXFileReference; lastKnownFileType = sourcecode.c.objc; path = ViewController.m; sourceTree = "<group>"; };
		3FB138131E56D72200989426 /* Base */ = {isa = PBXFileReference; lastKnownFileType = file.storyboard; name = Base; path = Base.lproj/Main.storyboard; sourceTree = "<group>"; };
		3FB138151E56D72200989426 /* Assets.xcassets */ = {isa = PBXFileReference; lastKnownFileType = folder.assetcatalog; path = Assets.xcassets; sourceTree = "<group>"; };
		3FB138181E56D72200989426 /* Base */ = {isa = PBXFileReference; lastKnownFileType = file.storyboard; name = Base; path = Base.lproj/LaunchScreen.storyboard; sourceTree = "<group>"; };
		3FB1381A1E56D72200989426 /* Info.plist */ = {isa = PBXFileReference; lastKnownFileType = text.plist.xml; path = Info.plist; sourceTree = "<group>"; };
		3FB138201E56D8BE00989426 /* PanViewController.h */ = {isa = PBXFileReference; fileEncoding = 4; lastKnownFileType = sourcecode.c.h; path = PanViewController.h; sourceTree = "<group>"; };
		3FB138211E56D8BE00989426 /* PanViewController.m */ = {isa = PBXFileReference; fileEncoding = 4; lastKnownFileType = sourcecode.c.objc; path = PanViewController.m; sourceTree = "<group>"; };
		3FB138491E57A33500989426 /* TapViewController.h */ = {isa = PBXFileReference; fileEncoding = 4; lastKnownFileType = sourcecode.c.h; path = TapViewController.h; sourceTree = "<group>"; };
		3FB1384A1E57A33500989426 /* TapViewController.m */ = {isa = PBXFileReference; fileEncoding = 4; lastKnownFileType = sourcecode.c.objc; path = TapViewController.m; sourceTree = "<group>"; };
		3FB1384C1E57A5A200989426 /* PinchViewController.h */ = {isa = PBXFileReference; fileEncoding = 4; lastKnownFileType = sourcecode.c.h; path = PinchViewController.h; sourceTree = "<group>"; };
		3FB1384D1E57A5A200989426 /* PinchViewController.m */ = {isa = PBXFileReference; fileEncoding = 4; lastKnownFileType = sourcecode.c.objc; path = PinchViewController.m; sourceTree = "<group>"; };
		3FB1384F1E57AE0800989426 /* SwipeViewController.h */ = {isa = PBXFileReference; fileEncoding = 4; lastKnownFileType = sourcecode.c.h; path = SwipeViewController.h; sourceTree = "<group>"; };
		3FB138501E57AE0800989426 /* SwipeViewController.m */ = {isa = PBXFileReference; fileEncoding = 4; lastKnownFileType = sourcecode.c.objc; path = SwipeViewController.m; sourceTree = "<group>"; };
/* End PBXFileReference section */

/* Begin PBXFrameworksBuildPhase section */
		3FB138031E56D72200989426 /* Frameworks */ = {
			isa = PBXFrameworksBuildPhase;
			buildActionMask = 2147483647;
			files = (
			);
			runOnlyForDeploymentPostprocessing = 0;
		};
/* End PBXFrameworksBuildPhase section */

/* Begin PBXGroup section */
		3FB137FD1E56D72200989426 = {
			isa = PBXGroup;
			children = (
				3FB138081E56D72200989426 /* iOS Gestures */,
				3FB138071E56D72200989426 /* Products */,
			);
			sourceTree = "<group>";
		};
		3FB138071E56D72200989426 /* Products */ = {
			isa = PBXGroup;
			children = (
				3FB138061E56D72200989426 /* iOS Gestures.app */,
			);
			name = Products;
			sourceTree = "<group>";
		};
		3FB138081E56D72200989426 /* iOS Gestures */ = {
			isa = PBXGroup;
			children = (
				3FB138121E56D72200989426 /* Main.storyboard */,
				3FB1384F1E57AE0800989426 /* SwipeViewController.h */,
				3FB138501E57AE0800989426 /* SwipeViewController.m */,
				3FB138201E56D8BE00989426 /* PanViewController.h */,
				3FB138211E56D8BE00989426 /* PanViewController.m */,
				3FB1384C1E57A5A200989426 /* PinchViewController.h */,
				3FB1384D1E57A5A200989426 /* PinchViewController.m */,
				3FB138491E57A33500989426 /* TapViewController.h */,
				3FB1384A1E57A33500989426 /* TapViewController.m */,
				3FB138171E56D72200989426 /* LaunchScreen.storyboard */,
				3FB138091E56D72200989426 /* Supporting Files */,
			);
			path = "iOS Gestures";
			sourceTree = "<group>";
		};
		3FB138091E56D72200989426 /* Supporting Files */ = {
			isa = PBXGroup;
			children = (
				3FB1380C1E56D72200989426 /* AppDelegate.h */,
				3FB1380D1E56D72200989426 /* AppDelegate.m */,
				3FB1380F1E56D72200989426 /* ViewController.h */,
				3FB138101E56D72200989426 /* ViewController.m */,
				3FB138151E56D72200989426 /* Assets.xcassets */,
				3FB1381A1E56D72200989426 /* Info.plist */,
				3FB1380A1E56D72200989426 /* main.m */,
			);
			name = "Supporting Files";
			sourceTree = "<group>";
		};
/* End PBXGroup section */

/* Begin PBXNativeTarget section */
		3FB138051E56D72200989426 /* iOS Gestures */ = {
			isa = PBXNativeTarget;
			buildConfigurationList = 3FB1381D1E56D72200989426 /* Build configuration list for PBXNativeTarget "iOS Gestures" */;
			buildPhases = (
				3FB138021E56D72200989426 /* Sources */,
				3FB138031E56D72200989426 /* Frameworks */,
				3FB138041E56D72200989426 /* Resources */,
			);
			buildRules = (
			);
			dependencies = (
			);
			name = "iOS Gestures";
			productName = "iOS Gestures";
			productReference = 3FB138061E56D72200989426 /* iOS Gestures.app */;
			productType = "com.apple.product-type.application";
		};
/* End PBXNativeTarget section */

/* Begin PBXProject section */
		3FB137FE1E56D72200989426 /* Project object */ = {
			isa = PBXProject;
			attributes = {
				LastUpgradeCheck = 0810;
				ORGANIZATIONNAME = "Callum Davies";
				TargetAttributes = {
					3FB138051E56D72200989426 = {
						CreatedOnToolsVersion = 8.1;
						ProvisioningStyle = Automatic;
					};
				};
			};
			buildConfigurationList = 3FB138011E56D72200989426 /* Build configuration list for PBXProject "iOS Gestures" */;
			compatibilityVersion = "Xcode 3.2";
			developmentRegion = English;
			hasScannedForEncodings = 0;
			knownRegions = (
				en,
				Base,
			);
			mainGroup = 3FB137FD1E56D72200989426;
			productRefGroup = 3FB138071E56D72200989426 /* Products */;
			projectDirPath = "";
			projectRoot = "";
			targets = (
				3FB138051E56D72200989426 /* iOS Gestures */,
			);
		};
/* End PBXProject section */

/* Begin PBXResourcesBuildPhase section */
		3FB138041E56D72200989426 /* Resources */ = {
			isa = PBXResourcesBuildPhase;
			buildActionMask = 2147483647;
			files = (
				3FB138191E56D72200989426 /* LaunchScreen.storyboard in Resources */,
				3FB138161E56D72200989426 /* Assets.xcassets in Resources */,
				3FB138141E56D72200989426 /* Main.storyboard in Resources */,
			);
			runOnlyForDeploymentPostprocessing = 0;
		};
/* End PBXResourcesBuildPhase section */

/* Begin PBXSourcesBuildPhase section */
		3FB138021E56D72200989426 /* Sources */ = {
			isa = PBXSourcesBuildPhase;
			buildActionMask = 2147483647;
			files = (
				3FB138221E56D8BE00989426 /* PanViewController.m in Sources */,
				3FB1384E1E57A5A200989426 /* PinchViewController.m in Sources */,
				3FB1384B1E57A33500989426 /* TapViewController.m in Sources */,
				3FB138111E56D72200989426 /* ViewController.m in Sources */,
				3FB1380E1E56D72200989426 /* AppDelegate.m in Sources */,
				3FB1380B1E56D72200989426 /* main.m in Sources */,
				3FB138511E57AE0800989426 /* SwipeViewController.m in Sources */,
			);
			runOnlyForDeploymentPostprocessing = 0;
		};
/* End PBXSourcesBuildPhase section */

/* Begin PBXVariantGroup section */
		3FB138121E56D72200989426 /* Main.storyboard */ = {
			isa = PBXVariantGroup;
			children = (
				3FB138131E56D72200989426 /* Base */,
			);
			name = Main.storyboard;
			sourceTree = "<group>";
		};
		3FB138171E56D72200989426 /* LaunchScreen.storyboard */ = {
			isa = PBXVariantGroup;
			children = (
				3FB138181E56D72200989426 /* Base */,
			);
			name = LaunchScreen.storyboard;
			sourceTree = "<group>";
		};
/* End PBXVariantGroup section */

/* Begin XCBuildConfiguration section */
		3FB1381B1E56D72200989426 /* Debug */ = {
			isa = XCBuildConfiguration;
			buildSettings = {
				ALWAYS_SEARCH_USER_PATHS = NO;
				CLANG_ANALYZER_NONNULL = YES;
				CLANG_CXX_LANGUAGE_STANDARD = "gnu++0x";
				CLANG_CXX_LIBRARY = "libc++";
				CLANG_ENABLE_MODULES = YES;
				CLANG_ENABLE_OBJC_ARC = YES;
				CLANG_WARN_BOOL_CONVERSION = YES;
				CLANG_WARN_CONSTANT_CONVERSION = YES;
				CLANG_WARN_DIRECT_OBJC_ISA_USAGE = YES_ERROR;
				CLANG_WARN_DOCUMENTATION_COMMENTS = YES;
				CLANG_WARN_EMPTY_BODY = YES;
				CLANG_WARN_ENUM_CONVERSION = YES;
				CLANG_WARN_INFINITE_RECURSION = YES;
				CLANG_WARN_INT_CONVERSION = YES;
				CLANG_WARN_OBJC_ROOT_CLASS = YES_ERROR;
				CLANG_WARN_SUSPICIOUS_MOVES = YES;
				CLANG_WARN_UNREACHABLE_CODE = YES;
				CLANG_WARN__DUPLICATE_METHOD_MATCH = YES;
				"CODE_SIGN_IDENTITY[sdk=iphoneos*]" = "iPhone Developer";
				COPY_PHASE_STRIP = NO;
				DEBUG_INFORMATION_FORMAT = dwarf;
				ENABLE_STRICT_OBJC_MSGSEND = YES;
				ENABLE_TESTABILITY = YES;
				GCC_C_LANGUAGE_STANDARD = gnu99;
				GCC_DYNAMIC_NO_PIC = NO;
				GCC_NO_COMMON_BLOCKS = YES;
				GCC_OPTIMIZATION_LEVEL = 0;
				GCC_PREPROCESSOR_DEFINITIONS = (
					"DEBUG=1",
					"$(inherited)",
				);
				GCC_WARN_64_TO_32_BIT_CONVERSION = YES;
				GCC_WARN_ABOUT_RETURN_TYPE = YES_ERROR;
				GCC_WARN_UNDECLARED_SELECTOR = YES;
				GCC_WARN_UNINITIALIZED_AUTOS = YES_AGGRESSIVE;
				GCC_WARN_UNUSED_FUNCTION = YES;
				GCC_WARN_UNUSED_VARIABLE = YES;
				IPHONEOS_DEPLOYMENT_TARGET = 10.1;
				MTL_ENABLE_DEBUG_INFO = YES;
				ONLY_ACTIVE_ARCH = YES;
				SDKROOT = iphoneos;
			};
			name = Debug;
		};
		3FB1381C1E56D72200989426 /* Release */ = {
			isa = XCBuildConfiguration;
			buildSettings = {
				ALWAYS_SEARCH_USER_PATHS = NO;
				CLANG_ANALYZER_NONNULL = YES;
				CLANG_CXX_LANGUAGE_STANDARD = "gnu++0x";
				CLANG_CXX_LIBRARY = "libc++";
				CLANG_ENABLE_MODULES = YES;
				CLANG_ENABLE_OBJC_ARC = YES;
				CLANG_WARN_BOOL_CONVERSION = YES;
				CLANG_WARN_CONSTANT_CONVERSION = YES;
				CLANG_WARN_DIRECT_OBJC_ISA_USAGE = YES_ERROR;
				CLANG_WARN_DOCUMENTATION_COMMENTS = YES;
				CLANG_WARN_EMPTY_BODY = YES;
				CLANG_WARN_ENUM_CONVERSION = YES;
				CLANG_WARN_INFINITE_RECURSION = YES;
				CLANG_WARN_INT_CONVERSION = YES;
				CLANG_WARN_OBJC_ROOT_CLASS = YES_ERROR;
				CLANG_WARN_SUSPICIOUS_MOVES = YES;
				CLANG_WARN_UNREACHABLE_CODE = YES;
				CLANG_WARN__DUPLICATE_METHOD_MATCH = YES;
				"CODE_SIGN_IDENTITY[sdk=iphoneos*]" = "iPhone Developer";
				COPY_PHASE_STRIP = NO;
				DEBUG_INFORMATION_FORMAT = "dwarf-with-dsym";
				ENABLE_NS_ASSERTIONS = NO;
				ENABLE_STRICT_OBJC_MSGSEND = YES;
				GCC_C_LANGUAGE_STANDARD = gnu99;
				GCC_NO_COMMON_BLOCKS = YES;
				GCC_WARN_64_TO_32_BIT_CONVERSION = YES;
				GCC_WARN_ABOUT_RETURN_TYPE = YES_ERROR;
				GCC_WARN_UNDECLARED_SELECTOR = YES;
				GCC_WARN_UNINITIALIZED_AUTOS = YES_AGGRESSIVE;
				GCC_WARN_UNUSED_FUNCTION = YES;
				GCC_WARN_UNUSED_VARIABLE = YES;
				IPHONEOS_DEPLOYMENT_TARGET = 10.1;
				MTL_ENABLE_DEBUG_INFO = NO;
				SDKROOT = iphoneos;
				VALIDATE_PRODUCT = YES;
			};
			name = Release;
		};
		3FB1381E1E56D72200989426 /* Debug */ = {
			isa = XCBuildConfiguration;
			buildSettings = {
				ASSETCATALOG_COMPILER_APPICON_NAME = AppIcon;
				INFOPLIST_FILE = "iOS Gestures/Info.plist";
				LD_RUNPATH_SEARCH_PATHS = "$(inherited) @executable_path/Frameworks";
				PRODUCT_BUNDLE_IDENTIFIER = "caldavies.iOS-Gestures";
				PRODUCT_NAME = "$(TARGET_NAME)";
			};
			name = Debug;
		};
		3FB1381F1E56D72200989426 /* Release */ = {
			isa = XCBuildConfiguration;
			buildSettings = {
				ASSETCATALOG_COMPILER_APPICON_NAME = AppIcon;
				INFOPLIST_FILE = "iOS Gestures/Info.plist";
				LD_RUNPATH_SEARCH_PATHS = "$(inherited) @executable_path/Frameworks";
				PRODUCT_BUNDLE_IDENTIFIER = "caldavies.iOS-Gestures";
				PRODUCT_NAME = "$(TARGET_NAME)";
			};
			name = Release;
		};
/* End XCBuildConfiguration section */

/* Begin XCConfigurationList section */
		3FB138011E56D72200989426 /* Build configuration list for PBXProject "iOS Gestures" */ = {
			isa = XCConfigurationList;
			buildConfigurations = (
				3FB1381B1E56D72200989426 /* Debug */,
				3FB1381C1E56D72200989426 /* Release */,
			);
			defaultConfigurationIsVisible = 0;
			defaultConfigurationName = Release;
		};
		3FB1381D1E56D72200989426 /* Build configuration list for PBXNativeTarget "iOS Gestures" */ = {
			isa = XCConfigurationList;
			buildConfigurations = (
				3FB1381E1E56D72200989426 /* Debug */,
				3FB1381F1E56D72200989426 /* Release */,
			);
			defaultConfigurationIsVisible = 0;
		};
/* End XCConfigurationList section */
	};
	rootObject = 3FB137FE1E56D72200989426 /* Project object */;
}
